{
  "name": "nest-hello-world",
  "version": "0.0.1",
  "lockfileVersion": 3,
  "requires": true,
  "packages": {
    "": {
      "name": "nest-hello-world",
      "version": "0.0.1",
      "dependencies": {
        "reflect-metadata": "^0.1.13",
        "rimraf": "^3.0.2",
        "rxjs": "^6.5.4",
        "@nestjs/common": "^11.0.16",
        "@nestjs/core": "^11.0.16",
        "@nestjs/platform-express": "^11.0.16"
      },
      "devDependencies": {
        "@nestjs/cli": "^7.0.0",
        "@nestjs/schematics": "^7.0.0",
        "@nestjs/testing": "^7.0.0",
        "@types/express": "^4.17.3",
        "@types/jest": "25.1.4",
        "@types/node": "^13.9.1",
        "@types/supertest": "^2.0.8",
        "@typescript-eslint/eslint-plugin": "^2.23.0",
        "@typescript-eslint/parser": "^2.23.0",
        "eslint": "^6.8.0",
        "eslint-config-prettier": "^6.10.0",
        "eslint-plugin-import": "^2.20.1",
        "jest": "^25.1.0",
        "prettier": "^1.19.1",
        "supertest": "^4.0.2",
        "ts-jest": "25.2.1",
        "ts-loader": "^6.2.1",
        "ts-node": "^8.6.2",
        "tsconfig-paths": "^3.9.0",
        "typescript": "^3.7.4"
      }
    },
    "node_modules/reflect-metadata": {
      "version": "0.1.13",
      "resolved": "https://registry.npmjs.org/reflect-metadata/-/reflect-metadata-0.1.13.tgz",
      "integrity": "sha512-Ts1Y/anZELhSsjMcU605fU9RE4Oi3p5ORujwbIKXfWa+0Zxs510Qrmrce5/Jowq3cHSZSJqBjypxmHarc+vEWg==",
      "dependencies": {}
    },
    "node_modules/rimraf": {
      "version": "3.0.2",
      "resolved": "https://registry.npmjs.org/rimraf/-/rimraf-3.0.2.tgz",
      "integrity": "sha512-JZkJMZkAGFFPP2YqXZXPbMlMBgsxzE8ILs4lMIX/2o0L9UBw9O/Y3o6wFw/i9YLapcUJWwqbi3kdxIPdC62TIA==",
      "dependencies": {
        "glob": "^7.1.3"
      }
    },
    "node_modules/rxjs": {
      "version": "6.5.4",
      "resolved": "https://registry.npmjs.org/rxjs/-/rxjs-6.5.4.tgz",
      "integrity": "sha512-naMQXcgEo3csAEGvw/NydRA0fuS2nDZJiw1YUWFKU7aPPAPGZEsD4Iimit96qwCieH6y614MCLYwdkrWx7z/7Q==",
      "dependencies": {
        "tslib": "^1.9.0"
      }
    },
    "node_modules/@nestjs/common": {
      "version": "11.0.16",
      "resolved": "https://registry.npmjs.org/@nestjs/common/-/common-11.0.16.tgz",
      "integrity": "sha512-agvuQ8su4aZ+PVxAmY89odG1eR97HEQvxPmTMdDqyvDWzNerl7WQhUEd+j4/UyNWcF1or1UVcrtPj52x+eUSsA==",
      "dependencies": {
        "uid": "2.0.2",
        "tslib": "2.8.1",
        "iterare": "1.2.1"
      }
    },
    "node_modules/@nestjs/core": {
      "version": "11.0.16",
      "resolved": "https://registry.npmjs.org/@nestjs/core/-/core-11.0.16.tgz",
      "integrity": "sha512-2YuPotgypux2RFYu2Toa5NUbPdp2bZE7CC10OgUpjJMZ3ZBfoWe0jcGqS5yPdoV+u8v+/IvqShy1Mz10HJvexA==",
      "dependencies": {
        "uid": "2.0.2",
        "tslib": "2.8.1",
        "iterare": "1.2.1",
        "path-to-regexp": "8.2.0",
        "fast-safe-stringify": "2.1.1",
        "@nuxt/opencollective": "0.4.1"
      }
    },
    "node_modules/@nestjs/platform-express": {
      "version": "11.0.16",
      "resolved": "https://registry.npmjs.org/@nestjs/platform-express/-/platform-express-11.0.16.tgz",
      "integrity": "sha512-R/wDoLFyVdxVFMiTy12Jtr4rxRXU6kSrrGLnfDofYiMfHesbHxcc2n2x5bfLxQfsMPv9lfHM4rMdfY/Jk+kDlA==",
      "dependencies": {
        "cors": "2.8.5",
        "tslib": "2.8.1",
        "multer": "1.4.5-lts.2",
        "express": "5.1.0",
        "path-to-regexp": "8.2.0"
      }
    },
    "node_modules/@nestjs/cli": {
      "version": "7.0.0",
      "resolved": "https://registry.npmjs.org/@nestjs/cli/-/cli-7.0.0.tgz",
      "integrity": "sha512-UnEWryiiG2spaRdJ2h4sgvrpM93Fxx9i3vvCJWB7BoSQo9kJIgWK/Xsg5hhjtrK3oYsupEodMv1kGmHEYR/2dQ==",
      "dependencies": {
        "ora": "4.0.3",
        "chalk": "3.0.0",
        "rimraf": "3.0.2",
        "os-name": "3.1.0",
        "shelljs": "0.8.3",
        "webpack": "4.42.0",
        "chokidar": "3.3.1",
        "inquirer": "7.1.0",
        "commander": "4.1.1",
        "tree-kill": "1.2.2",
        "cli-table3": "0.5.1",
        "node-emoji": "1.10.0",
        "typescript": "^3.6.4",
        "@types/webpack": "4.41.7",
        "tsconfig-paths": "3.9.0",
        "@nestjs/schematics": "^7.0.0",
        "@angular-devkit/core": "9.0.6",
        "webpack-node-externals": "1.7.2",
        "@angular-devkit/schematics": "9.0.6",
        "tsconfig-paths-webpack-plugin": "3.2.0",
        "@angular-devkit/schematics-cli": "0.900.6",
        "fork-ts-checker-webpack-plugin": "4.1.0"
      }
    },
    "node_modules/@nestjs/schematics": {
      "version": "7.0.0",
      "resolved": "https://registry.npmjs.org/@nestjs/schematics/-/schematics-7.0.0.tgz",
      "integrity": "sha512-R7Yw7wbRk5FNLyeJhvnAys+6ZXymIQWD6vKHOMRbSlR5LV8Q2F0st0EVw/sMmBOtp0EYAwGiXjwNV4ye/znmHA==",
      "dependencies": {
        "fs-extra": "8.1.0",
        "@angular-devkit/core": "9.0.6",
        "@angular-devkit/schematics": "9.0.6"
      }
    },
    "node_modules/@nestjs/testing": {
      "version": "7.0.0",
      "resolved": "https://registry.npmjs.org/@nestjs/testing/-/testing-7.0.0.tgz",
      "integrity": "sha512-Mk2dMJNC8zGTM/BIK9dE7yrDoB8ZLLLquMT1XqjhYC0hZ4SgC/3myAX8truag8xDAd6lJHOQug9ySbsyE7oxTQ==",
      "dependencies": {
        "tslib": "1.11.1",
        "optional": "0.1.4"
      }
    },
    "node_modules/@types/express": {
      "version": "4.17.3",
      "resolved": "https://registry.npmjs.org/@types/express/-/express-4.17.3.tgz",
      "integrity": "sha512-I8cGRJj3pyOLs/HndoP+25vOqhqWkAZsWMEmq1qXy/b/M3ppufecUwaK2/TVDVxcV61/iSdhykUjQQ2DLSrTdg==",
      "dependencies": {
        "@types/body-parser": "*",
        "@types/serve-static": "*",
        "@types/express-serve-static-core": "*"
      }
    },
    "node_modules/@types/jest": {
      "version": "25.1.4",
      "resolved": "https://registry.npmjs.org/@types/jest/-/jest-25.1.4.tgz",
      "integrity": "sha512-QDDY2uNAhCV7TMCITrxz+MRk1EizcsevzfeS6LykIlq2V1E5oO4wXG8V2ZEd9w7Snxeeagk46YbMgZ8ESHx3sw==",
      "dependencies": {
        "jest-diff": "^25.1.0",
        "pretty-format": "^25.1.0"
      }
    },
    "node_modules/@types/node": {
      "version": "13.9.1",
      "resolved": "https://registry.npmjs.org/@types/node/-/node-13.9.1.tgz",
      "integrity": "sha512-E6M6N0blf/jiZx8Q3nb0vNaswQeEyn0XlupO+xN6DtJ6r6IT4nXrTry7zhIfYvFCl3/8Cu6WIysmUBKiqV0bqQ==",
      "dependencies": {}
    },
    "node_modules/@types/supertest": {
      "version": "2.0.8",
      "resolved": "https://registry.npmjs.org/@types/supertest/-/supertest-2.0.8.tgz",
      "integrity": "sha512-wcax7/ip4XSSJRLbNzEIUVy2xjcBIZZAuSd2vtltQfRK7kxhx5WMHbLHkYdxN3wuQCrwpYrg86/9byDjPXoGMA==",
      "dependencies": {
        "@types/superagent": "*"
      }
    },
    "node_modules/@typescript-eslint/eslint-plugin": {
      "version": "2.23.0",
      "resolved": "https://registry.npmjs.org/@typescript-eslint/eslint-plugin/-/eslint-plugin-2.23.0.tgz",
      "integrity": "sha512-8iA4FvRsz8qTjR0L/nK9RcRUN3QtIHQiOm69FzV7WS3SE+7P7DyGGwh3k4UNR2JBbk+Ej2Io+jLAaqKibNhmtw==",
      "dependencies": {
        "regexpp": "^3.0.0",
        "tsutils": "^3.17.1",
        "eslint-utils": "^1.4.3",
        "functional-red-black-tree": "^1.0.1",
        "@typescript-eslint/experimental-utils": "2.23.0"
      }
    },
    "node_modules/@typescript-eslint/parser": {
      "version": "2.23.0",
      "resolved": "https://registry.npmjs.org/@typescript-eslint/parser/-/parser-2.23.0.tgz",
      "integrity": "sha512-k61pn/Nepk43qa1oLMiyqApC6x5eP5ddPz6VUYXCAuXxbmRLqkPYzkFRKl42ltxzB2luvejlVncrEpflgQoSUg==",
      "dependencies": {
        "eslint-visitor-keys": "^1.1.0",
        "@types/eslint-visitor-keys": "^1.0.0",
        "@typescript-eslint/typescript-estree": "2.23.0",
        "@typescript-eslint/experimental-utils": "2.23.0"
      }
    },
    "node_modules/eslint": {
      "version": "6.8.0",
      "resolved": "https://registry.npmjs.org/eslint/-/eslint-6.8.0.tgz",
      "integrity": "sha512-K+Iayyo2LtyYhDSYwz5D5QdWw0hCacNzyq1Y821Xna2xSJj7cijoLLYmLxTQgcgZ9mC61nryMy9S7GRbYpI5Ig==",
      "dependencies": {
        "ajv": "^6.10.0",
        "levn": "^0.3.0",
        "chalk": "^2.1.0",
        "debug": "^4.0.1",
        "table": "^5.2.3",
        "espree": "^6.1.2",
        "ignore": "^4.0.6",
        "lodash": "^4.17.14",
        "mkdirp": "^0.5.1",
        "semver": "^6.1.2",
        "esquery": "^1.0.1",
        "esutils": "^2.0.2",
        "globals": "^12.1.0",
        "is-glob": "^4.0.0",
        "js-yaml": "^3.13.1",
        "regexpp": "^2.0.1",
        "doctrine": "^3.0.0",
        "inquirer": "^7.0.0",
        "progress": "^2.0.0",
        "minimatch": "^3.0.4",
        "optionator": "^0.8.3",
        "strip-ansi": "^5.2.0",
        "text-table": "^0.2.0",
        "cross-spawn": "^6.0.5",
        "glob-parent": "^5.0.0",
        "imurmurhash": "^0.1.4",
        "eslint-scope": "^5.0.0",
        "eslint-utils": "^1.4.3",
        "import-fresh": "^3.0.0",
        "natural-compare": "^1.4.0",
        "file-entry-cache": "^5.0.1",
        "v8-compile-cache": "^2.0.3",
        "@babel/code-frame": "^7.0.0",
        "eslint-visitor-keys": "^1.1.0",
        "strip-json-comments": "^3.0.1",
        "functional-red-black-tree": "^1.0.1",
        "json-stable-stringify-without-jsonify": "^1.0.1"
      }
    },
    "node_modules/eslint-config-prettier": {
      "version": "6.10.0",
      "resolved": "https://registry.npmjs.org/eslint-config-prettier/-/eslint-config-prettier-6.10.0.tgz",
      "integrity": "sha512-AtndijGte1rPILInUdHjvKEGbIV06NuvPrqlIEaEaWtbtvJh464mDeyGMdZEQMsGvC0ZVkiex1fSNcC4HAbRGg==",
      "dependencies": {
        "get-stdin": "^6.0.0"
      }
    },
    "node_modules/eslint-plugin-import": {
      "version": "2.20.1",
      "resolved": "https://registry.npmjs.org/eslint-plugin-import/-/eslint-plugin-import-2.20.1.tgz",
      "integrity": "sha512-qQHgFOTjguR+LnYRoToeZWT62XM55MBVXObHM6SKFd1VzDcX/vqT1kAz8ssqigh5eMj8qXcRoXXGZpPP6RfdCw==",
      "dependencies": {
        "has": "^1.0.3",
        "debug": "^2.6.9",
        "resolve": "^1.12.0",
        "doctrine": "1.5.0",
        "minimatch": "^3.0.4",
        "read-pkg-up": "^2.0.0",
        "contains-path": "^0.1.0",
        "object.values": "^1.1.0",
        "array-includes": "^3.0.3",
        "eslint-module-utils": "^2.4.1",
        "array.prototype.flat": "^1.2.1",
        "eslint-import-resolver-node": "^0.3.2"
      }
    },
    "node_modules/jest": {
      "version": "25.1.0",
      "resolved": "https://registry.npmjs.org/jest/-/jest-25.1.0.tgz",
      "integrity": "sha512-FV6jEruneBhokkt9MQk0WUFoNTwnF76CLXtwNMfsc0um0TlB/LG2yxUd0KqaFjEJ9laQmVWQWS0sG/t2GsuI0w==",
      "dependencies": {
        "jest-cli": "^25.1.0",
        "@jest/core": "^25.1.0",
        "import-local": "^3.0.2"
      }
    },
    "node_modules/prettier": {
      "version": "1.19.1",
      "resolved": "https://registry.npmjs.org/prettier/-/prettier-1.19.1.tgz",
      "integrity": "sha512-s7PoyDv/II1ObgQunCbB9PdLmUcBZcnWOcxDh7O0N/UwDEsHyqkW+Qh28jW+mVuCdx7gLB0BotYI1Y6uI9iyew==",
      "dependencies": {}
    },
    "node_modules/supertest": {
      "version": "4.0.2",
      "resolved": "https://registry.npmjs.org/supertest/-/supertest-4.0.2.tgz",
      "integrity": "sha512-1BAbvrOZsGA3YTCWqbmh14L0YEq0EGICX/nBnfkfVJn7SrxQV1I3pMYjSzG9y/7ZU2V9dWqyqk2POwxlb09duQ==",
      "dependencies": {
        "methods": "^1.1.2",
        "superagent": "^3.8.3"
      }
    },
    "node_modules/ts-jest": {
      "version": "25.2.1",
      "resolved": "https://registry.npmjs.org/ts-jest/-/ts-jest-25.2.1.tgz",
      "integrity": "sha512-TnntkEEjuXq/Gxpw7xToarmHbAafgCaAzOpnajnFC6jI7oo1trMzAHA04eWpc3MhV6+yvhE8uUBAmN+teRJh0A==",
      "dependencies": {
        "json5": "2.x",
        "mkdirp": "0.x",
        "semver": "^5.5",
        "resolve": "1.x",
        "bs-logger": "0.x",
        "make-error": "1.x",
        "buffer-from": "1.x",
        "yargs-parser": "^16.1.0",
        "lodash.memoize": "4.x",
        "fast-json-stable-stringify": "2.x"
      }
    },
    "node_modules/ts-loader": {
      "version": "6.2.1",
      "resolved": "https://registry.npmjs.org/ts-loader/-/ts-loader-6.2.1.tgz",
      "integrity": "sha512-Dd9FekWuABGgjE1g0TlQJ+4dFUfYGbYcs52/HQObE0ZmUNjQlmLAS7xXsSzy23AMaMwipsx5sNHvoEpT2CZq1g==",
      "dependencies": {
        "chalk": "^2.3.0",
        "semver": "^6.0.0",
        "micromatch": "^4.0.0",
        "loader-utils": "^1.0.2",
        "enhanced-resolve": "^4.0.0"
      }
    },
    "node_modules/ts-node": {
      "version": "8.6.2",
      "resolved": "https://registry.npmjs.org/ts-node/-/ts-node-8.6.2.tgz",
      "integrity": "sha512-4mZEbofxGqLL2RImpe3zMJukvEvcO1XP8bj8ozBPySdCUXEcU5cIRwR0aM3R+VoZq7iXc8N86NC0FspGRqP4gg==",
      "dependencies": {
        "yn": "3.1.1",
        "arg": "^4.1.0",
        "diff": "^4.0.1",
        "make-error": "^1.1.1",
        "source-map-support": "^0.5.6"
      }
    },
    "node_modules/tsconfig-paths": {
      "version": "3.9.0",
      "resolved": "https://registry.npmjs.org/tsconfig-paths/-/tsconfig-paths-3.9.0.tgz",
      "integrity": "sha512-dRcuzokWhajtZWkQsDVKbWyY+jgcLC5sqJhg2PSgf4ZkH2aHPvaOY8YWGhmjb68b5qqTfasSsDO9k7RUiEmZAw==",
      "dependencies": {
        "json5": "^1.0.1",
        "minimist": "^1.2.0",
        "strip-bom": "^3.0.0",
        "@types/json5": "^0.0.29"
      }
    },
    "node_modules/typescript": {
      "version": "3.7.4",
      "resolved": "https://registry.npmjs.org/typescript/-/typescript-3.7.4.tgz",
      "integrity": "sha512-A25xv5XCtarLwXpcDNZzCGvW2D1S3/bACratYBx2sax8PefsFhlYmkQicKHvpYflFS8if4zne5zT5kpJ7pzuvw==",
      "dependencies": {}
    }
  }
}